
Microsoft Visual Studio Solution File, Format Version 12.00
# Visual Studio Version 16
VisualStudioVersion = 16.0.29911.84
MinimumVisualStudioVersion = 10.0.40219.1
Project("{FAE04EC0-301F-11D3-BF4B-00C04F79EFBC}") = "Task 1.1", "Task 1.1\Task 1.1.csproj", "{F1E1D943-7445-4869-8F2A-0B780DEC9FE8}"
EndProject
Project("{FAE04EC0-301F-11D3-BF4B-00C04F79EFBC}") = "Task 1.2", "Task 1.2\Task 1.2.csproj", "{DEB613A1-6545-4923-954D-ECB9F3484059}"
EndProject
Project("{FAE04EC0-301F-11D3-BF4B-00C04F79EFBC}") = "Task 1.3", "Task 1.3\Task 1.3.csproj", "{8E40BAE7-1A7B-4C14-A1AC-684775C476EF}"
EndProject
Project("{FAE04EC0-301F-11D3-BF4B-00C04F79EFBC}") = "Task 1.4", "Task 1.4\Task 1.4.csproj", "{B5B64E54-F613-4010-8CEE-444944D74877}"
EndProject
Project("{FAE04EC0-301F-11D3-BF4B-00C04F79EFBC}") = "Task 1.5", "Task 1.5\Task 1.5.csproj", "{0AD75B4C-8468-45CA-A1B6-A2703E6C2BE6}"
EndProject
Project("{FAE04EC0-301F-11D3-BF4B-00C04F79EFBC}") = "Task 1.6", "Task 1.6\Task 1.6.csproj", "{74AD3C6A-31C3-4B0E-B30A-248F89D49FB8}"
EndProject
Project("{FAE04EC0-301F-11D3-BF4B-00C04F79EFBC}") = "Task 1.7", "Task 1.7\Task 1.7.csproj", "{2FE5E925-B21F-4169-A9F7-06C4B6D678FB}"
EndProject
Project("{FAE04EC0-301F-11D3-BF4B-00C04F79EFBC}") = "Task 1.8", "Task 1.8\Task 1.8.csproj", "{1600A482-A252-4515-9776-09F1C11A7C51}"
EndProject
Project("{FAE04EC0-301F-11D3-BF4B-00C04F79EFBC}") = "Task 1.9", "Task 1.9\Task 1.9.csproj", "{439640E3-03DF-4612-8A61-5061858EDB8B}"
EndProject
Project("{FAE04EC0-301F-11D3-BF4B-00C04F79EFBC}") = "Task 1.10", "Task 1.10\Task 1.10.csproj", "{E2857B4D-FF58-48B2-8888-9DE5FBAD84A5}"
EndProject
Project("{2150E333-8FDC-42A3-9474-1A3956D46DE8}") = "Tasks 1.1 The Magnificent Ten", "Tasks 1.1 The Magnificent Ten", "{61476D1E-3249-410A-91C8-DCDFBD594AE6}"
EndProject
Project("{2150E333-8FDC-42A3-9474-1A3956D46DE8}") = "Tasks 1.2 String not Sting", "Tasks 1.2 String not Sting", "{6B4B9200-ABEF-4C8D-A2A6-917F414381E0}"
EndProject
Project("{FAE04EC0-301F-11D3-BF4B-00C04F79EFBC}") = "Task 2.1", "Task 2.1\Task 2.1.csproj", "{E0230119-D26A-4A52-ADFA-1BD36F6E6E2E}"
EndProject
Project("{FAE04EC0-301F-11D3-BF4B-00C04F79EFBC}") = "Task 2.2", "Task 2.2\Task 2.2.csproj", "{97975F85-2C55-47E9-8595-3E661C24EC04}"
EndProject
Project("{FAE04EC0-301F-11D3-BF4B-00C04F79EFBC}") = "Task 2.3", "Task 2.3\Task 2.3.csproj", "{18663D68-441F-4761-AB41-B33F98E4E25A}"
EndProject
Project("{FAE04EC0-301F-11D3-BF4B-00C04F79EFBC}") = "Task 2.4", "Task 2.4\Task 2.4.csproj", "{151B4A15-34F4-4484-8B80-5B3796809B9D}"
EndProject
Global
	GlobalSection(SolutionConfigurationPlatforms) = preSolution
		Debug|Any CPU = Debug|Any CPU
		Release|Any CPU = Release|Any CPU
	EndGlobalSection
	GlobalSection(ProjectConfigurationPlatforms) = postSolution
		{F1E1D943-7445-4869-8F2A-0B780DEC9FE8}.Debug|Any CPU.ActiveCfg = Debug|Any CPU
		{F1E1D943-7445-4869-8F2A-0B780DEC9FE8}.Debug|Any CPU.Build.0 = Debug|Any CPU
		{F1E1D943-7445-4869-8F2A-0B780DEC9FE8}.Release|Any CPU.ActiveCfg = Release|Any CPU
		{F1E1D943-7445-4869-8F2A-0B780DEC9FE8}.Release|Any CPU.Build.0 = Release|Any CPU
		{DEB613A1-6545-4923-954D-ECB9F3484059}.Debug|Any CPU.ActiveCfg = Debug|Any CPU
		{DEB613A1-6545-4923-954D-ECB9F3484059}.Debug|Any CPU.Build.0 = Debug|Any CPU
		{DEB613A1-6545-4923-954D-ECB9F3484059}.Release|Any CPU.ActiveCfg = Release|Any CPU
		{DEB613A1-6545-4923-954D-ECB9F3484059}.Release|Any CPU.Build.0 = Release|Any CPU
		{8E40BAE7-1A7B-4C14-A1AC-684775C476EF}.Debug|Any CPU.ActiveCfg = Debug|Any CPU
		{8E40BAE7-1A7B-4C14-A1AC-684775C476EF}.Debug|Any CPU.Build.0 = Debug|Any CPU
		{8E40BAE7-1A7B-4C14-A1AC-684775C476EF}.Release|Any CPU.ActiveCfg = Release|Any CPU
		{8E40BAE7-1A7B-4C14-A1AC-684775C476EF}.Release|Any CPU.Build.0 = Release|Any CPU
		{B5B64E54-F613-4010-8CEE-444944D74877}.Debug|Any CPU.ActiveCfg = Debug|Any CPU
		{B5B64E54-F613-4010-8CEE-444944D74877}.Debug|Any CPU.Build.0 = Debug|Any CPU
		{B5B64E54-F613-4010-8CEE-444944D74877}.Release|Any CPU.ActiveCfg = Release|Any CPU
		{B5B64E54-F613-4010-8CEE-444944D74877}.Release|Any CPU.Build.0 = Release|Any CPU
		{0AD75B4C-8468-45CA-A1B6-A2703E6C2BE6}.Debug|Any CPU.ActiveCfg = Debug|Any CPU
		{0AD75B4C-8468-45CA-A1B6-A2703E6C2BE6}.Debug|Any CPU.Build.0 = Debug|Any CPU
		{0AD75B4C-8468-45CA-A1B6-A2703E6C2BE6}.Release|Any CPU.ActiveCfg = Release|Any CPU
		{0AD75B4C-8468-45CA-A1B6-A2703E6C2BE6}.Release|Any CPU.Build.0 = Release|Any CPU
		{74AD3C6A-31C3-4B0E-B30A-248F89D49FB8}.Debug|Any CPU.ActiveCfg = Debug|Any CPU
		{74AD3C6A-31C3-4B0E-B30A-248F89D49FB8}.Debug|Any CPU.Build.0 = Debug|Any CPU
		{74AD3C6A-31C3-4B0E-B30A-248F89D49FB8}.Release|Any CPU.ActiveCfg = Release|Any CPU
		{74AD3C6A-31C3-4B0E-B30A-248F89D49FB8}.Release|Any CPU.Build.0 = Release|Any CPU
		{2FE5E925-B21F-4169-A9F7-06C4B6D678FB}.Debug|Any CPU.ActiveCfg = Debug|Any CPU
		{2FE5E925-B21F-4169-A9F7-06C4B6D678FB}.Debug|Any CPU.Build.0 = Debug|Any CPU
		{2FE5E925-B21F-4169-A9F7-06C4B6D678FB}.Release|Any CPU.ActiveCfg = Release|Any CPU
		{2FE5E925-B21F-4169-A9F7-06C4B6D678FB}.Release|Any CPU.Build.0 = Release|Any CPU
		{1600A482-A252-4515-9776-09F1C11A7C51}.Debug|Any CPU.ActiveCfg = Debug|Any CPU
		{1600A482-A252-4515-9776-09F1C11A7C51}.Debug|Any CPU.Build.0 = Debug|Any CPU
		{1600A482-A252-4515-9776-09F1C11A7C51}.Release|Any CPU.ActiveCfg = Release|Any CPU
		{1600A482-A252-4515-9776-09F1C11A7C51}.Release|Any CPU.Build.0 = Release|Any CPU
		{439640E3-03DF-4612-8A61-5061858EDB8B}.Debug|Any CPU.ActiveCfg = Debug|Any CPU
		{439640E3-03DF-4612-8A61-5061858EDB8B}.Debug|Any CPU.Build.0 = Debug|Any CPU
		{439640E3-03DF-4612-8A61-5061858EDB8B}.Release|Any CPU.ActiveCfg = Release|Any CPU
		{439640E3-03DF-4612-8A61-5061858EDB8B}.Release|Any CPU.Build.0 = Release|Any CPU
		{E2857B4D-FF58-48B2-8888-9DE5FBAD84A5}.Debug|Any CPU.ActiveCfg = Debug|Any CPU
		{E2857B4D-FF58-48B2-8888-9DE5FBAD84A5}.Debug|Any CPU.Build.0 = Debug|Any CPU
		{E2857B4D-FF58-48B2-8888-9DE5FBAD84A5}.Release|Any CPU.ActiveCfg = Release|Any CPU
		{E2857B4D-FF58-48B2-8888-9DE5FBAD84A5}.Release|Any CPU.Build.0 = Release|Any CPU
		{E0230119-D26A-4A52-ADFA-1BD36F6E6E2E}.Debug|Any CPU.ActiveCfg = Debug|Any CPU
		{E0230119-D26A-4A52-ADFA-1BD36F6E6E2E}.Debug|Any CPU.Build.0 = Debug|Any CPU
		{E0230119-D26A-4A52-ADFA-1BD36F6E6E2E}.Release|Any CPU.ActiveCfg = Release|Any CPU
		{E0230119-D26A-4A52-ADFA-1BD36F6E6E2E}.Release|Any CPU.Build.0 = Release|Any CPU
		{97975F85-2C55-47E9-8595-3E661C24EC04}.Debug|Any CPU.ActiveCfg = Debug|Any CPU
		{97975F85-2C55-47E9-8595-3E661C24EC04}.Debug|Any CPU.Build.0 = Debug|Any CPU
		{97975F85-2C55-47E9-8595-3E661C24EC04}.Release|Any CPU.ActiveCfg = Release|Any CPU
		{97975F85-2C55-47E9-8595-3E661C24EC04}.Release|Any CPU.Build.0 = Release|Any CPU
		{18663D68-441F-4761-AB41-B33F98E4E25A}.Debug|Any CPU.ActiveCfg = Debug|Any CPU
		{18663D68-441F-4761-AB41-B33F98E4E25A}.Debug|Any CPU.Build.0 = Debug|Any CPU
		{18663D68-441F-4761-AB41-B33F98E4E25A}.Release|Any CPU.ActiveCfg = Release|Any CPU
		{18663D68-441F-4761-AB41-B33F98E4E25A}.Release|Any CPU.Build.0 = Release|Any CPU
		{151B4A15-34F4-4484-8B80-5B3796809B9D}.Debug|Any CPU.ActiveCfg = Debug|Any CPU
		{151B4A15-34F4-4484-8B80-5B3796809B9D}.Debug|Any CPU.Build.0 = Debug|Any CPU
		{151B4A15-34F4-4484-8B80-5B3796809B9D}.Release|Any CPU.ActiveCfg = Release|Any CPU
		{151B4A15-34F4-4484-8B80-5B3796809B9D}.Release|Any CPU.Build.0 = Release|Any CPU
	EndGlobalSection
	GlobalSection(SolutionProperties) = preSolution
		HideSolutionNode = FALSE
	EndGlobalSection
	GlobalSection(NestedProjects) = preSolution
		{F1E1D943-7445-4869-8F2A-0B780DEC9FE8} = {61476D1E-3249-410A-91C8-DCDFBD594AE6}
		{DEB613A1-6545-4923-954D-ECB9F3484059} = {61476D1E-3249-410A-91C8-DCDFBD594AE6}
		{8E40BAE7-1A7B-4C14-A1AC-684775C476EF} = {61476D1E-3249-410A-91C8-DCDFBD594AE6}
		{B5B64E54-F613-4010-8CEE-444944D74877} = {61476D1E-3249-410A-91C8-DCDFBD594AE6}
		{0AD75B4C-8468-45CA-A1B6-A2703E6C2BE6} = {61476D1E-3249-410A-91C8-DCDFBD594AE6}
		{74AD3C6A-31C3-4B0E-B30A-248F89D49FB8} = {61476D1E-3249-410A-91C8-DCDFBD594AE6}
		{2FE5E925-B21F-4169-A9F7-06C4B6D678FB} = {61476D1E-3249-410A-91C8-DCDFBD594AE6}
		{1600A482-A252-4515-9776-09F1C11A7C51} = {61476D1E-3249-410A-91C8-DCDFBD594AE6}
		{439640E3-03DF-4612-8A61-5061858EDB8B} = {61476D1E-3249-410A-91C8-DCDFBD594AE6}
		{E2857B4D-FF58-48B2-8888-9DE5FBAD84A5} = {61476D1E-3249-410A-91C8-DCDFBD594AE6}
		{E0230119-D26A-4A52-ADFA-1BD36F6E6E2E} = {6B4B9200-ABEF-4C8D-A2A6-917F414381E0}
		{97975F85-2C55-47E9-8595-3E661C24EC04} = {6B4B9200-ABEF-4C8D-A2A6-917F414381E0}
		{18663D68-441F-4761-AB41-B33F98E4E25A} = {6B4B9200-ABEF-4C8D-A2A6-917F414381E0}
		{151B4A15-34F4-4484-8B80-5B3796809B9D} = {6B4B9200-ABEF-4C8D-A2A6-917F414381E0}
	EndGlobalSection
	GlobalSection(ExtensibilityGlobals) = postSolution
		SolutionGuid = {27BBD631-D5B2-46BB-B4B0-57B8A239006A}
	EndGlobalSection
EndGlobal
